
Microsoft Visual Studio Solution File, Format Version 12.00
# Visual Studio 15
VisualStudioVersion = 15.0.28307.1000
MinimumVisualStudioVersion = 10.0.40219.1
Project("{FAE04EC0-301F-11D3-BF4B-00C04F79EFBC}") = "Test_SignalR", "Test_SignalR\Test_SignalR.csproj", "{584C2287-4DB4-4B15-A617-C19D2C1E84D9}"
EndProject
Global
	GlobalSection(SolutionConfigurationPlatforms) = preSolution
		Debug|Any CPU = Debug|Any CPU
		Release|Any CPU = Release|Any CPU
	EndGlobalSection
	GlobalSection(ProjectConfigurationPlatforms) = postSolution
		{584C2287-4DB4-4B15-A617-C19D2C1E84D9}.Debug|Any CPU.ActiveCfg = Debug|Any CPU
		{584C2287-4DB4-4B15-A617-C19D2C1E84D9}.Debug|Any CPU.Build.0 = Debug|Any CPU
		{584C2287-4DB4-4B15-A617-C19D2C1E84D9}.Release|Any CPU.ActiveCfg = Release|Any CPU
		{584C2287-4DB4-4B15-A617-C19D2C1E84D9}.Release|Any CPU.Build.0 = Release|Any CPU
	EndGlobalSection
	GlobalSection(SolutionProperties) = preSolution
		HideSolutionNode = FALSE
	EndGlobalSection
	GlobalSection(ExtensibilityGlobals) = postSolution
		SolutionGuid = {9CE2ECFB-97E6-42EA-B988-5FA48E5F02CA}
	EndGlobalSection
EndGlobal
